// !$*UTF8*$!
{
	archiveVersion = 1;
	classes = {
	};
	objectVersion = 77;
	objects = {

/* Begin PBXContainerItemProxy section */
		F749AFD72CEFB329001AD7C5 /* PBXContainerItemProxy */ = {
			isa = PBXContainerItemProxy;
			containerPortal = F749AFB82CEFB327001AD7C5 /* Project object */;
			proxyType = 1;
			remoteGlobalIDString = F749AFBF2CEFB327001AD7C5;
			remoteInfo = "codepath-prework";
		};
		F749AFE12CEFB329001AD7C5 /* PBXContainerItemProxy */ = {
			isa = PBXContainerItemProxy;
			containerPortal = F749AFB82CEFB327001AD7C5 /* Project object */;
			proxyType = 1;
			remoteGlobalIDString = F749AFBF2CEFB327001AD7C5;
			remoteInfo = "codepath-prework";
		};
/* End PBXContainerItemProxy section */

/* Begin PBXFileReference section */
		F749AFC02CEFB327001AD7C5 /* codepath-prework.app */ = {isa = PBXFileReference; explicitFileType = wrapper.application; includeInIndex = 0; path = "codepath-prework.app"; sourceTree = BUILT_PRODUCTS_DIR; };
		F749AFD62CEFB329001AD7C5 /* codepath-preworkTests.xctest */ = {isa = PBXFileReference; explicitFileType = wrapper.cfbundle; includeInIndex = 0; path = "codepath-preworkTests.xctest"; sourceTree = BUILT_PRODUCTS_DIR; };
		F749AFE02CEFB329001AD7C5 /* codepath-preworkUITests.xctest */ = {isa = PBXFileReference; explicitFileType = wrapper.cfbundle; includeInIndex = 0; path = "codepath-preworkUITests.xctest"; sourceTree = BUILT_PRODUCTS_DIR; };
/* End PBXFileReference section */

/* Begin PBXFileSystemSynchronizedBuildFileExceptionSet section */
		F749AFE82CEFB329001AD7C5 /* Exceptions for "codepath-prework" folder in "codepath-prework" target */ = {
			isa = PBXFileSystemSynchronizedBuildFileExceptionSet;
			membershipExceptions = (
				Info.plist,
			);
			target = F749AFBF2CEFB327001AD7C5 /* codepath-prework */;
		};
/* End PBXFileSystemSynchronizedBuildFileExceptionSet section */

/* Begin PBXFileSystemSynchronizedRootGroup section */
		F749AFC22CEFB327001AD7C5 /* codepath-prework */ = {
			isa = PBXFileSystemSynchronizedRootGroup;
			exceptions = (
				F749AFE82CEFB329001AD7C5 /* Exceptions for "codepath-prework" folder in "codepath-prework" target */,
			);
			path = "codepath-prework";
			sourceTree = "<group>";
		};
		F749AFD92CEFB329001AD7C5 /* codepath-preworkTests */ = {
			isa = PBXFileSystemSynchronizedRootGroup;
			path = "codepath-preworkTests";
			sourceTree = "<group>";
		};
		F749AFE32CEFB329001AD7C5 /* codepath-preworkUITests */ = {
			isa = PBXFileSystemSynchronizedRootGroup;
			path = "codepath-preworkUITests";
			sourceTree = "<group>";
		};
/* End PBXFileSystemSynchronizedRootGroup section */

/* Begin PBXFrameworksBuildPhase section */
		F749AFBD2CEFB327001AD7C5 /* Frameworks */ = {
			isa = PBXFrameworksBuildPhase;
			buildActionMask = 2147483647;
			files = (
			);
			runOnlyForDeploymentPostprocessing = 0;
		};
		F749AFD32CEFB329001AD7C5 /* Frameworks */ = {
			isa = PBXFrameworksBuildPhase;
			buildActionMask = 2147483647;
			files = (
			);
			runOnlyForDeploymentPostprocessing = 0;
		};
		F749AFDD2CEFB329001AD7C5 /* Frameworks */ = {
			isa = PBXFrameworksBuildPhase;
			buildActionMask = 2147483647;
			files = (
			);
			runOnlyForDeploymentPostprocessing = 0;
		};
/* End PBXFrameworksBuildPhase section */

/* Begin PBXGroup section */
		F749AFB72CEFB327001AD7C5 = {
			isa = PBXGroup;
			children = (
				F749AFC22CEFB327001AD7C5 /* codepath-prework */,
				F749AFD92CEFB329001AD7C5 /* codepath-preworkTests */,
				F749AFE32CEFB329001AD7C5 /* codepath-preworkUITests */,
				F749AFC12CEFB327001AD7C5 /* Products */,
			);
			sourceTree = "<group>";
		};
		F749AFC12CEFB327001AD7C5 /* Products */ = {
			isa = PBXGroup;
			children = (
				F749AFC02CEFB327001AD7C5 /* codepath-prework.app */,
				F749AFD62CEFB329001AD7C5 /* codepath-preworkTests.xctest */,
				F749AFE02CEFB329001AD7C5 /* codepath-preworkUITests.xctest */,
			);
			name = Products;
			sourceTree = "<group>";
		};
/* End PBXGroup section */

/* Begin PBXNativeTarget section */
		F749AFBF2CEFB327001AD7C5 /* codepath-prework */ = {
			isa = PBXNativeTarget;
			buildConfigurationList = F749AFE92CEFB329001AD7C5 /* Build configuration list for PBXNativeTarget "codepath-prework" */;
			buildPhases = (
				F749AFBC2CEFB327001AD7C5 /* Sources */,
				F749AFBD2CEFB327001AD7C5 /* Frameworks */,
				F749AFBE2CEFB327001AD7C5 /* Resources */,
			);
			buildRules = (
			);
			dependencies = (
			);
			fileSystemSynchronizedGroups = (
				F749AFC22CEFB327001AD7C5 /* codepath-prework */,
			);
			name = "codepath-prework";
			packageProductDependencies = (
			);
			productName = "codepath-prework";
			productReference = F749AFC02CEFB327001AD7C5 /* codepath-prework.app */;
			productType = "com.apple.product-type.application";
		};
		F749AFD52CEFB329001AD7C5 /* codepath-preworkTests */ = {
			isa = PBXNativeTarget;
			buildConfigurationList = F749AFEE2CEFB329001AD7C5 /* Build configuration list for PBXNativeTarget "codepath-preworkTests" */;
			buildPhases = (
				F749AFD22CEFB329001AD7C5 /* Sources */,
				F749AFD32CEFB329001AD7C5 /* Frameworks */,
				F749AFD42CEFB329001AD7C5 /* Resources */,
			);
			buildRules = (
			);
			dependencies = (
				F749AFD82CEFB329001AD7C5 /* PBXTargetDependency */,
			);
			fileSystemSynchronizedGroups = (
				F749AFD92CEFB329001AD7C5 /* codepath-preworkTests */,
			);
			name = "codepath-preworkTests";
			packageProductDependencies = (
			);
			productName = "codepath-preworkTests";
			productReference = F749AFD62CEFB329001AD7C5 /* codepath-preworkTests.xctest */;
			productType = "com.apple.product-type.bundle.unit-test";
		};
		F749AFDF2CEFB329001AD7C5 /* codepath-preworkUITests */ = {
			isa = PBXNativeTarget;
			buildConfigurationList = F749AFF12CEFB329001AD7C5 /* Build configuration list for PBXNativeTarget "codepath-preworkUITests" */;
			buildPhases = (
				F749AFDC2CEFB329001AD7C5 /* Sources */,
				F749AFDD2CEFB329001AD7C5 /* Frameworks */,
				F749AFDE2CEFB329001AD7C5 /* Resources */,
			);
			buildRules = (
			);
			dependencies = (
				F749AFE22CEFB329001AD7C5 /* PBXTargetDependency */,
			);
			fileSystemSynchronizedGroups = (
				F749AFE32CEFB329001AD7C5 /* codepath-preworkUITests */,
			);
			name = "codepath-preworkUITests";
			packageProductDependencies = (
			);
			productName = "codepath-preworkUITests";
			productReference = F749AFE02CEFB329001AD7C5 /* codepath-preworkUITests.xctest */;
			productType = "com.apple.product-type.bundle.ui-testing";
		};
/* End PBXNativeTarget section */

/* Begin PBXProject section */
		F749AFB82CEFB327001AD7C5 /* Project object */ = {
			isa = PBXProject;
			attributes = {
				BuildIndependentTargetsInParallel = 1;
				LastSwiftUpdateCheck = 1610;
				LastUpgradeCheck = 1610;
				TargetAttributes = {
					F749AFBF2CEFB327001AD7C5 = {
						CreatedOnToolsVersion = 16.1;
					};
					F749AFD52CEFB329001AD7C5 = {
						CreatedOnToolsVersion = 16.1;
						TestTargetID = F749AFBF2CEFB327001AD7C5;
					};
					F749AFDF2CEFB329001AD7C5 = {
						CreatedOnToolsVersion = 16.1;
						TestTargetID = F749AFBF2CEFB327001AD7C5;
					};
				};
			};
			buildConfigurationList = F749AFBB2CEFB327001AD7C5 /* Build configuration list for PBXProject "codepath-prework" */;
			developmentRegion = en;
			hasScannedForEncodings = 0;
			knownRegions = (
				en,
				Base,
			);
			mainGroup = F749AFB72CEFB327001AD7C5;
			minimizedProjectReferenceProxies = 1;
			preferredProjectObjectVersion = 77;
			productRefGroup = F749AFC12CEFB327001AD7C5 /* Products */;
			projectDirPath = "";
			projectRoot = "";
			targets = (
				F749AFBF2CEFB327001AD7C5 /* codepath-prework */,
				F749AFD52CEFB329001AD7C5 /* codepath-preworkTests */,
				F749AFDF2CEFB329001AD7C5 /* codepath-preworkUITests */,
			);
		};
/* End PBXProject section */

/* Begin PBXResourcesBuildPhase section */
		F749AFBE2CEFB327001AD7C5 /* Resources */ = {
			isa = PBXResourcesBuildPhase;
			buildActionMask = 2147483647;
			files = (
			);
			runOnlyForDeploymentPostprocessing = 0;
		};
		F749AFD42CEFB329001AD7C5 /* Resources */ = {
			isa = PBXResourcesBuildPhase;
			buildActionMask = 2147483647;
			files = (
			);
			runOnlyForDeploymentPostprocessing = 0;
		};
		F749AFDE2CEFB329001AD7C5 /* Resources */ = {
			isa = PBXResourcesBuildPhase;
			buildActionMask = 2147483647;
			files = (
			);
			runOnlyForDeploymentPostprocessing = 0;
		};
/* End PBXResourcesBuildPhase section */

/* Begin PBXSourcesBuildPhase section */
		F749AFBC2CEFB327001AD7C5 /* Sources */ = {
			isa = PBXSourcesBuildPhase;
			buildActionMask = 2147483647;
			files = (
			);
			runOnlyForDeploymentPostprocessing = 0;
		};
		F749AFD22CEFB329001AD7C5 /* Sources */ = {
			isa = PBXSourcesBuildPhase;
			buildActionMask = 2147483647;
			files = (
			);
			runOnlyForDeploymentPostprocessing = 0;
		};
		F749AFDC2CEFB329001AD7C5 /* Sources */ = {
			isa = PBXSourcesBuildPhase;
			buildActionMask = 2147483647;
			files = (
			);
			runOnlyForDeploymentPostprocessing = 0;
		};
/* End PBXSourcesBuildPhase section */

/* Begin PBXTargetDependency section */
		F749AFD82CEFB329001AD7C5 /* PBXTargetDependency */ = {
			isa = PBXTargetDependency;
			target = F749AFBF2CEFB327001AD7C5 /* codepath-prework */;
			targetProxy = F749AFD72CEFB329001AD7C5 /* PBXContainerItemProxy */;
		};
		F749AFE22CEFB329001AD7C5 /* PBXTargetDependency */ = {
			isa = PBXTargetDependency;
			target = F749AFBF2CEFB327001AD7C5 /* codepath-prework */;
			targetProxy = F749AFE12CEFB329001AD7C5 /* PBXContainerItemProxy */;
		};
/* End PBXTargetDependency section */

/* Begin XCBuildConfiguration section */
		F749AFEA2CEFB329001AD7C5 /* Debug */ = {
			isa = XCBuildConfiguration;
			buildSettings = {
				ASSETCATALOG_COMPILER_APPICON_NAME = AppIcon;
				ASSETCATALOG_COMPILER_GLOBAL_ACCENT_COLOR_NAME = AccentColor;
				CODE_SIGN_STYLE = Automatic;
				CURRENT_PROJECT_VERSION = 1;
				GENERATE_INFOPLIST_FILE = YES;
				INFOPLIST_FILE = "codepath-prework/Info.plist";
				INFOPLIST_KEY_UIApplicationSupportsIndirectInputEvents = YES;
				INFOPLIST_KEY_UILaunchStoryboardName = LaunchScreen;
				INFOPLIST_KEY_UIMainStoryboardFile = Main;
				INFOPLIST_KEY_UISupportedInterfaceOrientations_iPad = "UIInterfaceOrientationPortrait UIInterfaceOrientationPortraitUpsideDown UIInterfaceOrientationLandscapeLeft UIInterfaceOrientationLandscapeRight";
				INFOPLIST_KEY_UISupportedInterfaceOrientations_iPhone = "UIInterfaceOrientationPortrait UIInterfaceOrientationLandscapeLeft UIInterfaceOrientationLandscapeRight";
				LD_RUNPATH_SEARCH_PATHS = (
					"$(inherited)",
					"@executable_path/Frameworks",
				);
				MARKETING_VERSION = 1.0;
				PRODUCT_BUNDLE_IDENTIFIER = "shaisabm.codepath-prework";
				PRODUCT_NAME = "$(TARGET_NAME)";
				SWIFT_EMIT_LOC_STRINGS = YES;
				SWIFT_VERSION = 5.0;
				TARGETED_DEVICE_FAMILY = "1,2";
			};
			name = Debug;
		};
		F749AFEB2CEFB329001AD7C5 /* Release */ = {
			isa = XCBuildConfiguration;
			buildSettings = {
				ASSETCATALOG_COMPILER_APPICON_NAME = AppIcon;
				ASSETCATALOG_COMPILER_GLOBAL_ACCENT_COLOR_NAME = AccentColor;
				CODE_SIGN_STYLE = Automatic;
				CURRENT_PROJECT_VERSION = 1;
				GENERATE_INFOPLIST_FILE = YES;
				INFOPLIST_FILE = "codepath-prework/Info.plist";
				INFOPLIST_KEY_UIApplicationSupportsIndirectInputEvents = YES;
				INFOPLIST_KEY_UILaunchStoryboardName = LaunchScreen;
				INFOPLIST_KEY_UIMainStoryboardFile = Main;
				INFOPLIST_KEY_UISupportedInterfaceOrientations_iPad = "UIInterfaceOrientationPortrait UIInterfaceOrientationPortraitUpsideDown UIInterfaceOrientationLandscapeLeft UIInterfaceOrientationLandscapeRight";
				INFOPLIST_KEY_UISupportedInterfaceOrientations_iPhone = "UIInterfaceOrientationPortrait UIInterfaceOrientationLandscapeLeft UIInterfaceOrientationLandscapeRight";
				LD_RUNPATH_SEARCH_PATHS = (
					"$(inherited)",
					"@executable_path/Frameworks",
				);
				MARKETING_VERSION = 1.0;
				PRODUCT_BUNDLE_IDENTIFIER = "shaisabm.codepath-prework";
				PRODUCT_NAME = "$(TARGET_NAME)";
				SWIFT_EMIT_LOC_STRINGS = YES;
				SWIFT_VERSION = 5.0;
				TARGETED_DEVICE_FAMILY = "1,2";
			};
			name = Release;
		};
		F749AFEC2CEFB329001AD7C5 /* Debug */ = {
			isa = XCBuildConfiguration;
			buildSettings = {
				ALWAYS_SEARCH_USER_PATHS = NO;
				ASSETCATALOG_COMPILER_GENERATE_SWIFT_ASSET_SYMBOL_EXTENSIONS = YES;
				CLANG_ANALYZER_NONNULL = YES;
				CLANG_ANALYZER_NUMBER_OBJECT_CONVERSION = YES_AGGRESSIVE;
				CLANG_CXX_LANGUAGE_STANDARD = "gnu++20";
				CLANG_ENABLE_MODULES = YES;
				CLANG_ENABLE_OBJC_ARC = YES;
				CLANG_ENABLE_OBJC_WEAK = YES;
				CLANG_WARN_BLOCK_CAPTURE_AUTORELEASING = YES;
				CLANG_WARN_BOOL_CONVERSION = YES;
				CLANG_WARN_COMMA = YES;
				CLANG_WARN_CONSTANT_CONVERSION = YES;
				CLANG_WARN_DEPRECATED_OBJC_IMPLEMENTATIONS = YES;
				CLANG_WARN_DIRECT_OBJC_ISA_USAGE = YES_ERROR;
				CLANG_WARN_DOCUMENTATION_COMMENTS = YES;
				CLANG_WARN_EMPTY_BODY = YES;
				CLANG_WARN_ENUM_CONVERSION = YES;
				CLANG_WARN_INFINITE_RECURSION = YES;
				CLANG_WARN_INT_CONVERSION = YES;
				CLANG_WARN_NON_LITERAL_NULL_CONVERSION = YES;
				CLANG_WARN_OBJC_IMPLICIT_RETAIN_SELF = YES;
				CLANG_WARN_OBJC_LITERAL_CONVERSION = YES;
				CLANG_WARN_OBJC_ROOT_CLASS = YES_ERROR;
				CLANG_WARN_QUOTED_INCLUDE_IN_FRAMEWORK_HEADER = YES;
				CLANG_WARN_RANGE_LOOP_ANALYSIS = YES;
				CLANG_WARN_STRICT_PROTOTYPES = YES;
				CLANG_WARN_SUSPICIOUS_MOVE = YES;
				CLANG_WARN_UNGUARDED_AVAILABILITY = YES_AGGRESSIVE;
				CLANG_WARN_UNREACHABLE_CODE = YES;
				CLANG_WARN__DUPLICATE_METHOD_MATCH = YES;
				COPY_PHASE_STRIP = NO;
				DEBUG_INFORMATION_FORMAT = dwarf;
				ENABLE_STRICT_OBJC_MSGSEND = YES;
				ENABLE_TESTABILITY = YES;
				ENABLE_USER_SCRIPT_SANDBOXING = YES;
				GCC_C_LANGUAGE_STANDARD = gnu17;
				GCC_DYNAMIC_NO_PIC = NO;
				GCC_NO_COMMON_BLOCKS = YES;
				GCC_OPTIMIZATION_LEVEL = 0;
				GCC_PREPROCESSOR_DEFINITIONS = (
					"DEBUG=1",
					"$(inherited)",
				);
				GCC_WARN_64_TO_32_BIT_CONVERSION = YES;
				GCC_WARN_ABOUT_RETURN_TYPE = YES_ERROR;
				GCC_WARN_UNDECLARED_SELECTOR = YES;
				GCC_WARN_UNINITIALIZED_AUTOS = YES_AGGRESSIVE;
				GCC_WARN_UNUSED_FUNCTION = YES;
				GCC_WARN_UNUSED_VARIABLE = YES;
				IPHONEOS_DEPLOYMENT_TARGET = 18.1;
				LOCALIZATION_PREFERS_STRING_CATALOGS = YES;
				MTL_ENABLE_DEBUG_INFO = INCLUDE_SOURCE;
				MTL_FAST_MATH = YES;
				ONLY_ACTIVE_ARCH = YES;
				SDKROOT = iphoneos;
				SWIFT_ACTIVE_COMPILATION_CONDITIONS = "DEBUG $(inherited)";
				SWIFT_OPTIMIZATION_LEVEL = "-Onone";
			};
			name = Debug;
		};
		F749AFED2CEFB329001AD7C5 /* Release */ = {
			isa = XCBuildConfiguration;
			buildSettings = {
				ALWAYS_SEARCH_USER_PATHS = NO;
				ASSETCATALOG_COMPILER_GENERATE_SWIFT_ASSET_SYMBOL_EXTENSIONS = YES;
				CLANG_ANALYZER_NONNULL = YES;
				CLANG_ANALYZER_NUMBER_OBJECT_CONVERSION = YES_AGGRESSIVE;
				CLANG_CXX_LANGUAGE_STANDARD = "gnu++20";
				CLANG_ENABLE_MODULES = YES;
				CLANG_ENABLE_OBJC_ARC = YES;
				CLANG_ENABLE_OBJC_WEAK = YES;
				CLANG_WARN_BLOCK_CAPTURE_AUTORELEASING = YES;
				CLANG_WARN_BOOL_CONVERSION = YES;
				CLANG_WARN_COMMA = YES;
				CLANG_WARN_CONSTANT_CONVERSION = YES;
				CLANG_WARN_DEPRECATED_OBJC_IMPLEMENTATIONS = YES;
				CLANG_WARN_DIRECT_OBJC_ISA_USAGE = YES_ERROR;
				CLANG_WARN_DOCUMENTATION_COMMENTS = YES;
				CLANG_WARN_EMPTY_BODY = YES;
				CLANG_WARN_ENUM_CONVERSION = YES;
				CLANG_WARN_INFINITE_RECURSION = YES;
				CLANG_WARN_INT_CONVERSION = YES;
				CLANG_WARN_NON_LITERAL_NULL_CONVERSION = YES;
				CLANG_WARN_OBJC_IMPLICIT_RETAIN_SELF = YES;
				CLANG_WARN_OBJC_LITERAL_CONVERSION = YES;
				CLANG_WARN_OBJC_ROOT_CLASS = YES_ERROR;
				CLANG_WARN_QUOTED_INCLUDE_IN_FRAMEWORK_HEADER = YES;
				CLANG_WARN_RANGE_LOOP_ANALYSIS = YES;
				CLANG_WARN_STRICT_PROTOTYPES = YES;
				CLANG_WARN_SUSPICIOUS_MOVE = YES;
				CLANG_WARN_UNGUARDED_AVAILABILITY = YES_AGGRESSIVE;
				CLANG_WARN_UNREACHABLE_CODE = YES;
				CLANG_WARN__DUPLICATE_METHOD_MATCH = YES;
				COPY_PHASE_STRIP = NO;
				DEBUG_INFORMATION_FORMAT = "dwarf-with-dsym";
				ENABLE_NS_ASSERTIONS = NO;
				ENABLE_STRICT_OBJC_MSGSEND = YES;
				ENABLE_USER_SCRIPT_SANDBOXING = YES;
				GCC_C_LANGUAGE_STANDARD = gnu17;
				GCC_NO_COMMON_BLOCKS = YES;
				GCC_WARN_64_TO_32_BIT_CONVERSION = YES;
				GCC_WARN_ABOUT_RETURN_TYPE = YES_ERROR;
				GCC_WARN_UNDECLARED_SELECTOR = YES;
				GCC_WARN_UNINITIALIZED_AUTOS = YES_AGGRESSIVE;
				GCC_WARN_UNUSED_FUNCTION = YES;
				GCC_WARN_UNUSED_VARIABLE = YES;
				IPHONEOS_DEPLOYMENT_TARGET = 18.1;
				LOCALIZATION_PREFERS_STRING_CATALOGS = YES;
				MTL_ENABLE_DEBUG_INFO = NO;
				MTL_FAST_MATH = YES;
				SDKROOT = iphoneos;
				SWIFT_COMPILATION_MODE = wholemodule;
				VALIDATE_PRODUCT = YES;
			};
			name = Release;
		};
		F749AFEF2CEFB329001AD7C5 /* Debug */ = {
			isa = XCBuildConfiguration;
			buildSettings = {
				BUNDLE_LOADER = "$(TEST_HOST)";
				CODE_SIGN_STYLE = Automatic;
				CURRENT_PROJECT_VERSION = 1;
				GENERATE_INFOPLIST_FILE = YES;
				IPHONEOS_DEPLOYMENT_TARGET = 18.1;
				MARKETING_VERSION = 1.0;
				PRODUCT_BUNDLE_IDENTIFIER = "shaisabm.codepath-preworkTests";
				PRODUCT_NAME = "$(TARGET_NAME)";
				SWIFT_EMIT_LOC_STRINGS = NO;
				SWIFT_VERSION = 5.0;
				TARGETED_DEVICE_FAMILY = "1,2";
				TEST_HOST = "$(BUILT_PRODUCTS_DIR)/codepath-prework.app/$(BUNDLE_EXECUTABLE_FOLDER_PATH)/codepath-prework";
			};
			name = Debug;
		};
		F749AFF02CEFB329001AD7C5 /* Release */ = {
			isa = XCBuildConfiguration;
			buildSettings = {
				BUNDLE_LOADER = "$(TEST_HOST)";
				CODE_SIGN_STYLE = Automatic;
				CURRENT_PROJECT_VERSION = 1;
				GENERATE_INFOPLIST_FILE = YES;
				IPHONEOS_DEPLOYMENT_TARGET = 18.1;
				MARKETING_VERSION = 1.0;
				PRODUCT_BUNDLE_IDENTIFIER = "shaisabm.codepath-preworkTests";
				PRODUCT_NAME = "$(TARGET_NAME)";
				SWIFT_EMIT_LOC_STRINGS = NO;
				SWIFT_VERSION = 5.0;
				TARGETED_DEVICE_FAMILY = "1,2";
				TEST_HOST = "$(BUILT_PRODUCTS_DIR)/codepath-prework.app/$(BUNDLE_EXECUTABLE_FOLDER_PATH)/codepath-prework";
			};
			name = Release;
		};
		F749AFF22CEFB329001AD7C5 /* Debug */ = {
			isa = XCBuildConfiguration;
			buildSettings = {
				CODE_SIGN_STYLE = Automatic;
				CURRENT_PROJECT_VERSION = 1;
				GENERATE_INFOPLIST_FILE = YES;
				MARKETING_VERSION = 1.0;
				PRODUCT_BUNDLE_IDENTIFIER = "shaisabm.codepath-preworkUITests";
				PRODUCT_NAME = "$(TARGET_NAME)";
				SWIFT_EMIT_LOC_STRINGS = NO;
				SWIFT_VERSION = 5.0;
				TARGETED_DEVICE_FAMILY = "1,2";
				TEST_TARGET_NAME = "codepath-prework";
			};
			name = Debug;
		};
		F749AFF32CEFB329001AD7C5 /* Release */ = {
			isa = XCBuildConfiguration;
			buildSettings = {
				CODE_SIGN_STYLE = Automatic;
				CURRENT_PROJECT_VERSION = 1;
				GENERATE_INFOPLIST_FILE = YES;
				MARKETING_VERSION = 1.0;
				PRODUCT_BUNDLE_IDENTIFIER = "shaisabm.codepath-preworkUITests";
				PRODUCT_NAME = "$(TARGET_NAME)";
				SWIFT_EMIT_LOC_STRINGS = NO;
				SWIFT_VERSION = 5.0;
				TARGETED_DEVICE_FAMILY = "1,2";
				TEST_TARGET_NAME = "codepath-prework";
			};
			name = Release;
		};
/* End XCBuildConfiguration section */

/* Begin XCConfigurationList section */
		F749AFBB2CEFB327001AD7C5 /* Build configuration list for PBXProject "codepath-prework" */ = {
			isa = XCConfigurationList;
			buildConfigurations = (
				F749AFEC2CEFB329001AD7C5 /* Debug */,
				F749AFED2CEFB329001AD7C5 /* Release */,
			);
			defaultConfigurationIsVisible = 0;
			defaultConfigurationName = Release;
		};
		F749AFE92CEFB329001AD7C5 /* Build configuration list for PBXNativeTarget "codepath-prework" */ = {
			isa = XCConfigurationList;
			buildConfigurations = (
				F749AFEA2CEFB329001AD7C5 /* Debug */,
				F749AFEB2CEFB329001AD7C5 /* Release */,
			);
			defaultConfigurationIsVisible = 0;
			defaultConfigurationName = Release;
		};
		F749AFEE2CEFB329001AD7C5 /* Build configuration list for PBXNativeTarget "codepath-preworkTests" */ = {
			isa = XCConfigurationList;
			buildConfigurations = (
				F749AFEF2CEFB329001AD7C5 /* Debug */,
				F749AFF02CEFB329001AD7C5 /* Release */,
			);
			defaultConfigurationIsVisible = 0;
			defaultConfigurationName = Release;
		};
		F749AFF12CEFB329001AD7C5 /* Build configuration list for PBXNativeTarget "codepath-preworkUITests" */ = {
			isa = XCConfigurationList;
			buildConfigurations = (
				F749AFF22CEFB329001AD7C5 /* Debug */,
				F749AFF32CEFB329001AD7C5 /* Release */,
			);
			defaultConfigurationIsVisible = 0;
			defaultConfigurationName = Release;
		};
/* End XCConfigurationList section */
	};
	rootObject = F749AFB82CEFB327001AD7C5 /* Project object */;
}
